
Microsoft Visual Studio Solution File, Format Version 12.00
# Visual Studio Version 17
VisualStudioVersion = 17.3.32825.248
MinimumVisualStudioVersion = 10.0.40219.1
Project("{FAE04EC0-301F-11D3-BF4B-00C04F79EFBC}") = "Labb4", "Labb4.csproj", "{9287208C-850B-4C9D-A6F7-B9B0C5F6D11B}"
EndProject
Global
	GlobalSection(SolutionConfigurationPlatforms) = preSolution
		Debug|Any CPU = Debug|Any CPU
		Release|Any CPU = Release|Any CPU
	EndGlobalSection
	GlobalSection(ProjectConfigurationPlatforms) = postSolution
		{9287208C-850B-4C9D-A6F7-B9B0C5F6D11B}.Debug|Any CPU.ActiveCfg = Debug|Any CPU
		{9287208C-850B-4C9D-A6F7-B9B0C5F6D11B}.Debug|Any CPU.Build.0 = Debug|Any CPU
		{9287208C-850B-4C9D-A6F7-B9B0C5F6D11B}.Release|Any CPU.ActiveCfg = Release|Any CPU
		{9287208C-850B-4C9D-A6F7-B9B0C5F6D11B}.Release|Any CPU.Build.0 = Release|Any CPU
	EndGlobalSection
	GlobalSection(SolutionProperties) = preSolution
		HideSolutionNode = FALSE
	EndGlobalSection
	GlobalSection(ExtensibilityGlobals) = postSolution
		SolutionGuid = {4B1BA9C0-02FB-4885-BF6E-CBF3C2DB200C}
	EndGlobalSection
EndGlobal
